
Microsoft Visual Studio Solution File, Format Version 12.00
# Visual Studio Version 17
VisualStudioVersion = 17.9.34701.34
MinimumVisualStudioVersion = 10.0.40219.1
Project("{9A19103F-16F7-4668-BE54-9A1E7A4F7556}") = "LabApi.GraphQL", "LabApi.GraphQL\LabApi.GraphQL.csproj", "{12F79DE8-46F6-4085-A198-68BC99A9CDA3}"
EndProject
Project("{FAE04EC0-301F-11D3-BF4B-00C04F79EFBC}") = "LabApi.Data", "LabAPI.Data\LabApi.Data.csproj", "{61CBB463-A117-4BE7-B347-BF859AD41FC2}"
EndProject
Project("{FAE04EC0-301F-11D3-BF4B-00C04F79EFBC}") = "LabApi.Business", "LabApi.Business\LabApi.Business.csproj", "{D8FCE645-B72D-4C03-982D-6141BC60E9B0}"
EndProject
Project("{FAE04EC0-301F-11D3-BF4B-00C04F79EFBC}") = "LabApi.Tests", "LabApi.Tests\LabApi.Tests.csproj", "{2A1E6E0E-033E-44A7-92C3-E5F6FD7B3B04}"
EndProject
Global
	GlobalSection(SolutionConfigurationPlatforms) = preSolution
		Debug|Any CPU = Debug|Any CPU
		Release|Any CPU = Release|Any CPU
	EndGlobalSection
	GlobalSection(ProjectConfigurationPlatforms) = postSolution
		{12F79DE8-46F6-4085-A198-68BC99A9CDA3}.Debug|Any CPU.ActiveCfg = Debug|Any CPU
		{12F79DE8-46F6-4085-A198-68BC99A9CDA3}.Debug|Any CPU.Build.0 = Debug|Any CPU
		{12F79DE8-46F6-4085-A198-68BC99A9CDA3}.Release|Any CPU.ActiveCfg = Release|Any CPU
		{12F79DE8-46F6-4085-A198-68BC99A9CDA3}.Release|Any CPU.Build.0 = Release|Any CPU
		{61CBB463-A117-4BE7-B347-BF859AD41FC2}.Debug|Any CPU.ActiveCfg = Debug|Any CPU
		{61CBB463-A117-4BE7-B347-BF859AD41FC2}.Debug|Any CPU.Build.0 = Debug|Any CPU
		{61CBB463-A117-4BE7-B347-BF859AD41FC2}.Release|Any CPU.ActiveCfg = Release|Any CPU
		{61CBB463-A117-4BE7-B347-BF859AD41FC2}.Release|Any CPU.Build.0 = Release|Any CPU
		{D8FCE645-B72D-4C03-982D-6141BC60E9B0}.Debug|Any CPU.ActiveCfg = Debug|Any CPU
		{D8FCE645-B72D-4C03-982D-6141BC60E9B0}.Debug|Any CPU.Build.0 = Debug|Any CPU
		{D8FCE645-B72D-4C03-982D-6141BC60E9B0}.Release|Any CPU.ActiveCfg = Release|Any CPU
		{D8FCE645-B72D-4C03-982D-6141BC60E9B0}.Release|Any CPU.Build.0 = Release|Any CPU
		{2A1E6E0E-033E-44A7-92C3-E5F6FD7B3B04}.Debug|Any CPU.ActiveCfg = Debug|Any CPU
		{2A1E6E0E-033E-44A7-92C3-E5F6FD7B3B04}.Debug|Any CPU.Build.0 = Debug|Any CPU
		{2A1E6E0E-033E-44A7-92C3-E5F6FD7B3B04}.Release|Any CPU.ActiveCfg = Release|Any CPU
		{2A1E6E0E-033E-44A7-92C3-E5F6FD7B3B04}.Release|Any CPU.Build.0 = Release|Any CPU
	EndGlobalSection
	GlobalSection(SolutionProperties) = preSolution
		HideSolutionNode = FALSE
	EndGlobalSection
	GlobalSection(ExtensibilityGlobals) = postSolution
		SolutionGuid = {2BC2DC46-6095-4EE8-A504-6B8E42ABCC14}
	EndGlobalSection
EndGlobal
